{
  "originHash" : "d59743ebbbaf3972a91196c1baaf0e1639ba03f561e1e46fe94202c8604272da",
  "pins" : [
    {
      "identity" : "myswift",
      "kind" : "remoteSourceControl",
      "location" : "https://github.com/jacobwe21/MySwift",
      "state" : {
        "branch" : "main",
        "revision" : "b6632048a4f4a1e6d655112979163b6d7db2916f"
      }
    }
  ],
  "version" : 3
}
