{
  "originHash" : "26fbb3b3942f1cccb067a1d98f7aed93df5809b4400fd8b057c07b7837ebe39a",
  "pins" : [
    {
      "identity" : "myswift",
      "kind" : "remoteSourceControl",
      "location" : "https://github.com/jacobwe21/MySwift",
      "state" : {
        "branch" : "main",
        "revision" : "76a1386b8b79214dc69ed25855ede2d8be48816e"
      }
    }
  ],
  "version" : 3
}
