{
  "originHash" : "338d656aa66d8d07e1c67057c1617a78394cd515fd1ecbcebcbe07e5c966c9bb",
  "pins" : [
    {
      "identity" : "myswift",
      "kind" : "remoteSourceControl",
      "location" : "https://github.com/jacobwe21/MySwift",
      "state" : {
        "branch" : "main",
        "revision" : "40f7b50f0fea2d7e2ea94e4111cadad158f52215"
      }
    }
  ],
  "version" : 3
}
